
Microsoft Visual Studio Solution File, Format Version 12.00
# Visual Studio 15
Project("{FAE04EC0-301F-11D3-BF4B-00C04F79EFBC}") = "Assembly-CSharp", "Assembly-CSharp.csproj", "{5261D8D0-3B9B-37FF-FF61-FFB5757FBFBF}"
EndProject
Project("{FAE04EC0-301F-11D3-BF4B-00C04F79EFBC}") = "Assembly-CSharp-Editor", "Assembly-CSharp-Editor.csproj", "{A234A09F-FCAF-7012-358B-907A662884F6}"
EndProject
Global
	GlobalSection(SolutionConfigurationPlatforms) = preSolution
		Debug|Any CPU = Debug|Any CPU
		Release|Any CPU = Release|Any CPU
	EndGlobalSection
	GlobalSection(ProjectConfigurationPlatforms) = postSolution
		{5261D8D0-3B9B-37FF-FF61-FFB5757FBFBF}.Debug|Any CPU.ActiveCfg = Debug|Any CPU
		{5261D8D0-3B9B-37FF-FF61-FFB5757FBFBF}.Debug|Any CPU.Build.0 = Debug|Any CPU
		{5261D8D0-3B9B-37FF-FF61-FFB5757FBFBF}.Release|Any CPU.ActiveCfg = Release|Any CPU
		{5261D8D0-3B9B-37FF-FF61-FFB5757FBFBF}.Release|Any CPU.Build.0 = Release|Any CPU
		{A234A09F-FCAF-7012-358B-907A662884F6}.Debug|Any CPU.ActiveCfg = Debug|Any CPU
		{A234A09F-FCAF-7012-358B-907A662884F6}.Debug|Any CPU.Build.0 = Debug|Any CPU
		{A234A09F-FCAF-7012-358B-907A662884F6}.Release|Any CPU.ActiveCfg = Release|Any CPU
		{A234A09F-FCAF-7012-358B-907A662884F6}.Release|Any CPU.Build.0 = Release|Any CPU
	EndGlobalSection
	GlobalSection(SolutionProperties) = preSolution
		HideSolutionNode = FALSE
	EndGlobalSection
EndGlobal
